// !$*UTF8*$!
{
	archiveVersion = 1;
	classes = {
	};
	objectVersion = 50;
	objects = {

/* Begin PBXBuildFile section */
		8C0305982423893D00144EBB /* PageScrollView.swift in Sources */ = {isa = PBXBuildFile; fileRef = 8C0305972423893D00144EBB /* PageScrollView.swift */; };
		8C09FF4923F67E12003AD3DF /* CommonViews.swift in Sources */ = {isa = PBXBuildFile; fileRef = 8C09FF4823F67E12003AD3DF /* CommonViews.swift */; };
		8C09FF4B23F6DA08003AD3DF /* String+Extension.swift in Sources */ = {isa = PBXBuildFile; fileRef = 8C09FF4A23F6DA08003AD3DF /* String+Extension.swift */; };
		8C116E6A23E9EC520010859D /* AppDelegate.swift in Sources */ = {isa = PBXBuildFile; fileRef = 8C116E6923E9EC520010859D /* AppDelegate.swift */; };
		8C116E6C23E9EC520010859D /* SceneDelegate.swift in Sources */ = {isa = PBXBuildFile; fileRef = 8C116E6B23E9EC520010859D /* SceneDelegate.swift */; };
		8C116E6F23E9EC520010859D /* BibleReader.xcdatamodeld in Sources */ = {isa = PBXBuildFile; fileRef = 8C116E6D23E9EC520010859D /* BibleReader.xcdatamodeld */; };
		8C116E7123E9EC520010859D /* ContentView.swift in Sources */ = {isa = PBXBuildFile; fileRef = 8C116E7023E9EC520010859D /* ContentView.swift */; };
		8C116E7323E9EC5A0010859D /* Assets.xcassets in Resources */ = {isa = PBXBuildFile; fileRef = 8C116E7223E9EC5A0010859D /* Assets.xcassets */; };
		8C116E7623E9EC5A0010859D /* Preview Assets.xcassets in Resources */ = {isa = PBXBuildFile; fileRef = 8C116E7523E9EC5A0010859D /* Preview Assets.xcassets */; };
		8C116E7923E9EC5A0010859D /* LaunchScreen.storyboard in Resources */ = {isa = PBXBuildFile; fileRef = 8C116E7723E9EC5A0010859D /* LaunchScreen.storyboard */; };
		8C116EC423E9EF4C0010859D /* BodyView.swift in Sources */ = {isa = PBXBuildFile; fileRef = 8C116EC323E9EF4C0010859D /* BodyView.swift */; };
		8C339FD92410EDEA009D1CD2 /* Constants.swift in Sources */ = {isa = PBXBuildFile; fileRef = 8C339FD82410EDEA009D1CD2 /* Constants.swift */; };
		8C59042D24005AD900C78DA9 /* TranslationView.swift in Sources */ = {isa = PBXBuildFile; fileRef = 8C59042C24005AD900C78DA9 /* TranslationView.swift */; };
		8C66EAFF23FFD26400B6F0AB /* LoaderView.swift in Sources */ = {isa = PBXBuildFile; fileRef = 8C66EAFE23FFD26400B6F0AB /* LoaderView.swift */; };
		8C723C252427931800ECC6D5 /* SwipeView.swift in Sources */ = {isa = PBXBuildFile; fileRef = 8C723C242427931800ECC6D5 /* SwipeView.swift */; };
		8C7C59E623F858DA00B85FCE /* ChapterNumberView.swift in Sources */ = {isa = PBXBuildFile; fileRef = 8C7C59E523F858DA00B85FCE /* ChapterNumberView.swift */; };
		8C8C00F723ED420B005C2EB6 /* Biblia.swift in Sources */ = {isa = PBXBuildFile; fileRef = 8C8C00F623ED420B005C2EB6 /* Biblia.swift */; };
		8C8C00FA23ED4C3C005C2EB6 /* BooksView.swift in Sources */ = {isa = PBXBuildFile; fileRef = 8C8C00F923ED4C3C005C2EB6 /* BooksView.swift */; };
		8C8C00FF23ED647A005C2EB6 /* Array+Extension.swift in Sources */ = {isa = PBXBuildFile; fileRef = 8C8C00FE23ED647A005C2EB6 /* Array+Extension.swift */; };
		8C8C014A23F3DA67005C2EB6 /* FiraSans-Regular.ttf in Resources */ = {isa = PBXBuildFile; fileRef = 8C8C014623F3DA66005C2EB6 /* FiraSans-Regular.ttf */; };
		8C8C014B23F3DA67005C2EB6 /* FiraSans-Bold.ttf in Resources */ = {isa = PBXBuildFile; fileRef = 8C8C014723F3DA66005C2EB6 /* FiraSans-Bold.ttf */; };
		8C8C014C23F3DA67005C2EB6 /* FiraSans-Medium.ttf in Resources */ = {isa = PBXBuildFile; fileRef = 8C8C014823F3DA67005C2EB6 /* FiraSans-Medium.ttf */; };
		8C8C014D23F3DA67005C2EB6 /* FiraSans-Light.ttf in Resources */ = {isa = PBXBuildFile; fileRef = 8C8C014923F3DA67005C2EB6 /* FiraSans-Light.ttf */; };
		8C8C014F23F458D0005C2EB6 /* Font+Extension.swift in Sources */ = {isa = PBXBuildFile; fileRef = 8C8C014E23F458D0005C2EB6 /* Font+Extension.swift */; };
		8C8C015623F5B964005C2EB6 /* ChapterSettingsModel.swift in Sources */ = {isa = PBXBuildFile; fileRef = 8C8C015523F5B964005C2EB6 /* ChapterSettingsModel.swift */; };
		8C9F0C8723E9F40A00D40B83 /* Example.json in Resources */ = {isa = PBXBuildFile; fileRef = 8C9F0C8623E9F40A00D40B83 /* Example.json */; };
		8C9F0C9423E9F65F00D40B83 /* ChapterSettingView.swift in Sources */ = {isa = PBXBuildFile; fileRef = 8C9F0C9323E9F65F00D40B83 /* ChapterSettingView.swift */; };
		8CA7BB4F2408F10C00AF49F3 /* FavoritesView.swift in Sources */ = {isa = PBXBuildFile; fileRef = 8CA7BB4E2408F10C00AF49F3 /* FavoritesView.swift */; };
		8CA7BB5124097B9300AF49F3 /* FileService.swift in Sources */ = {isa = PBXBuildFile; fileRef = 8CA7BB5024097B9300AF49F3 /* FileService.swift */; };
		8CA7BB542409823600AF49F3 /* SettingView.swift in Sources */ = {isa = PBXBuildFile; fileRef = 8CA7BB532409823600AF49F3 /* SettingView.swift */; };
		8CA7BB56240A498100AF49F3 /* UserSettingsService.swift in Sources */ = {isa = PBXBuildFile; fileRef = 8CA7BB55240A498100AF49F3 /* UserSettingsService.swift */; };
		8CC8C66423FED69A00FEBE78 /* Response.swift in Sources */ = {isa = PBXBuildFile; fileRef = 8CC8C66323FED69A00FEBE78 /* Response.swift */; };
		8CC8C66623FED73700FEBE78 /* Error.swift in Sources */ = {isa = PBXBuildFile; fileRef = 8CC8C66523FED73700FEBE78 /* Error.swift */; };
		8CC8C66823FED74D00FEBE78 /* API.swift in Sources */ = {isa = PBXBuildFile; fileRef = 8CC8C66723FED74D00FEBE78 /* API.swift */; };
		8CE64A222402649C00933D7C /* BibleViewModel.swift in Sources */ = {isa = PBXBuildFile; fileRef = 8CE64A202402649C00933D7C /* BibleViewModel.swift */; };
		8CE64A232402649C00933D7C /* ChapterReaderView.swift in Sources */ = {isa = PBXBuildFile; fileRef = 8CE64A212402649C00933D7C /* ChapterReaderView.swift */; };
/* End PBXBuildFile section */

/* Begin PBXFileReference section */
		8C0305972423893D00144EBB /* PageScrollView.swift */ = {isa = PBXFileReference; lastKnownFileType = sourcecode.swift; path = PageScrollView.swift; sourceTree = "<group>"; };
		8C09FF4823F67E12003AD3DF /* CommonViews.swift */ = {isa = PBXFileReference; lastKnownFileType = sourcecode.swift; path = CommonViews.swift; sourceTree = "<group>"; };
		8C09FF4A23F6DA08003AD3DF /* String+Extension.swift */ = {isa = PBXFileReference; lastKnownFileType = sourcecode.swift; path = "String+Extension.swift"; sourceTree = "<group>"; };
		8C116E6623E9EC520010859D /* Szentírás.app */ = {isa = PBXFileReference; explicitFileType = wrapper.application; includeInIndex = 0; path = "Szentírás.app"; sourceTree = BUILT_PRODUCTS_DIR; };
		8C116E6923E9EC520010859D /* AppDelegate.swift */ = {isa = PBXFileReference; lastKnownFileType = sourcecode.swift; path = AppDelegate.swift; sourceTree = "<group>"; };
		8C116E6B23E9EC520010859D /* SceneDelegate.swift */ = {isa = PBXFileReference; lastKnownFileType = sourcecode.swift; path = SceneDelegate.swift; sourceTree = "<group>"; };
		8C116E6E23E9EC520010859D /* BibleReader.xcdatamodel */ = {isa = PBXFileReference; lastKnownFileType = wrapper.xcdatamodel; path = BibleReader.xcdatamodel; sourceTree = "<group>"; };
		8C116E7023E9EC520010859D /* ContentView.swift */ = {isa = PBXFileReference; lastKnownFileType = sourcecode.swift; path = ContentView.swift; sourceTree = "<group>"; };
		8C116E7223E9EC5A0010859D /* Assets.xcassets */ = {isa = PBXFileReference; lastKnownFileType = folder.assetcatalog; path = Assets.xcassets; sourceTree = "<group>"; };
		8C116E7523E9EC5A0010859D /* Preview Assets.xcassets */ = {isa = PBXFileReference; lastKnownFileType = folder.assetcatalog; path = "Preview Assets.xcassets"; sourceTree = "<group>"; };
		8C116E7823E9EC5A0010859D /* Base */ = {isa = PBXFileReference; lastKnownFileType = file.storyboard; name = Base; path = Base.lproj/LaunchScreen.storyboard; sourceTree = "<group>"; };
		8C116E7A23E9EC5A0010859D /* Info.plist */ = {isa = PBXFileReference; lastKnownFileType = text.plist.xml; path = Info.plist; sourceTree = "<group>"; };
		8C116EC323E9EF4C0010859D /* BodyView.swift */ = {isa = PBXFileReference; fileEncoding = 4; lastKnownFileType = sourcecode.swift; path = BodyView.swift; sourceTree = "<group>"; };
		8C339FD82410EDEA009D1CD2 /* Constants.swift */ = {isa = PBXFileReference; lastKnownFileType = sourcecode.swift; path = Constants.swift; sourceTree = "<group>"; };
		8C59042C24005AD900C78DA9 /* TranslationView.swift */ = {isa = PBXFileReference; lastKnownFileType = sourcecode.swift; path = TranslationView.swift; sourceTree = "<group>"; };
		8C66EAFE23FFD26400B6F0AB /* LoaderView.swift */ = {isa = PBXFileReference; lastKnownFileType = sourcecode.swift; path = LoaderView.swift; sourceTree = "<group>"; };
		8C723C242427931800ECC6D5 /* SwipeView.swift */ = {isa = PBXFileReference; lastKnownFileType = sourcecode.swift; path = SwipeView.swift; sourceTree = "<group>"; };
		8C7C59E523F858DA00B85FCE /* ChapterNumberView.swift */ = {isa = PBXFileReference; lastKnownFileType = sourcecode.swift; path = ChapterNumberView.swift; sourceTree = "<group>"; };
		8C8C00F623ED420B005C2EB6 /* Biblia.swift */ = {isa = PBXFileReference; lastKnownFileType = sourcecode.swift; path = Biblia.swift; sourceTree = "<group>"; };
		8C8C00F923ED4C3C005C2EB6 /* BooksView.swift */ = {isa = PBXFileReference; lastKnownFileType = sourcecode.swift; path = BooksView.swift; sourceTree = "<group>"; };
		8C8C00FE23ED647A005C2EB6 /* Array+Extension.swift */ = {isa = PBXFileReference; lastKnownFileType = sourcecode.swift; path = "Array+Extension.swift"; sourceTree = "<group>"; };
		8C8C014623F3DA66005C2EB6 /* FiraSans-Regular.ttf */ = {isa = PBXFileReference; lastKnownFileType = file; path = "FiraSans-Regular.ttf"; sourceTree = "<group>"; };
		8C8C014723F3DA66005C2EB6 /* FiraSans-Bold.ttf */ = {isa = PBXFileReference; lastKnownFileType = file; path = "FiraSans-Bold.ttf"; sourceTree = "<group>"; };
		8C8C014823F3DA67005C2EB6 /* FiraSans-Medium.ttf */ = {isa = PBXFileReference; lastKnownFileType = file; path = "FiraSans-Medium.ttf"; sourceTree = "<group>"; };
		8C8C014923F3DA67005C2EB6 /* FiraSans-Light.ttf */ = {isa = PBXFileReference; lastKnownFileType = file; path = "FiraSans-Light.ttf"; sourceTree = "<group>"; };
		8C8C014E23F458D0005C2EB6 /* Font+Extension.swift */ = {isa = PBXFileReference; lastKnownFileType = sourcecode.swift; path = "Font+Extension.swift"; sourceTree = "<group>"; };
		8C8C015523F5B964005C2EB6 /* ChapterSettingsModel.swift */ = {isa = PBXFileReference; fileEncoding = 4; lastKnownFileType = sourcecode.swift; path = ChapterSettingsModel.swift; sourceTree = "<group>"; };
		8C9F0C8623E9F40A00D40B83 /* Example.json */ = {isa = PBXFileReference; fileEncoding = 4; lastKnownFileType = text.json; path = Example.json; sourceTree = "<group>"; };
		8C9F0C9323E9F65F00D40B83 /* ChapterSettingView.swift */ = {isa = PBXFileReference; lastKnownFileType = sourcecode.swift; path = ChapterSettingView.swift; sourceTree = "<group>"; };
		8CA7BB4E2408F10C00AF49F3 /* FavoritesView.swift */ = {isa = PBXFileReference; lastKnownFileType = sourcecode.swift; path = FavoritesView.swift; sourceTree = "<group>"; };
		8CA7BB5024097B9300AF49F3 /* FileService.swift */ = {isa = PBXFileReference; lastKnownFileType = sourcecode.swift; path = FileService.swift; sourceTree = "<group>"; };
		8CA7BB532409823600AF49F3 /* SettingView.swift */ = {isa = PBXFileReference; lastKnownFileType = sourcecode.swift; path = SettingView.swift; sourceTree = "<group>"; };
		8CA7BB55240A498100AF49F3 /* UserSettingsService.swift */ = {isa = PBXFileReference; lastKnownFileType = sourcecode.swift; path = UserSettingsService.swift; sourceTree = "<group>"; };
		8CC8C66323FED69A00FEBE78 /* Response.swift */ = {isa = PBXFileReference; lastKnownFileType = sourcecode.swift; path = Response.swift; sourceTree = "<group>"; };
		8CC8C66523FED73700FEBE78 /* Error.swift */ = {isa = PBXFileReference; lastKnownFileType = sourcecode.swift; path = Error.swift; sourceTree = "<group>"; };
		8CC8C66723FED74D00FEBE78 /* API.swift */ = {isa = PBXFileReference; lastKnownFileType = sourcecode.swift; path = API.swift; sourceTree = "<group>"; };
		8CE64A202402649C00933D7C /* BibleViewModel.swift */ = {isa = PBXFileReference; fileEncoding = 4; lastKnownFileType = sourcecode.swift; path = BibleViewModel.swift; sourceTree = "<group>"; };
		8CE64A212402649C00933D7C /* ChapterReaderView.swift */ = {isa = PBXFileReference; fileEncoding = 4; lastKnownFileType = sourcecode.swift; path = ChapterReaderView.swift; sourceTree = "<group>"; };
/* End PBXFileReference section */

/* Begin PBXFrameworksBuildPhase section */
		8C116E6323E9EC520010859D /* Frameworks */ = {
			isa = PBXFrameworksBuildPhase;
			buildActionMask = 2147483647;
			files = (
			);
			runOnlyForDeploymentPostprocessing = 0;
		};
/* End PBXFrameworksBuildPhase section */

/* Begin PBXGroup section */
		8C0305942423889B00144EBB /* PageController */ = {
			isa = PBXGroup;
			children = (
				8C0305972423893D00144EBB /* PageScrollView.swift */,
				8C723C242427931800ECC6D5 /* SwipeView.swift */,
			);
			path = PageController;
			sourceTree = "<group>";
		};
		8C09FF4723F67DFC003AD3DF /* Views */ = {
			isa = PBXGroup;
			children = (
				8C7C59E523F858DA00B85FCE /* ChapterNumberView.swift */,
				8C09FF4823F67E12003AD3DF /* CommonViews.swift */,
				8C66EAFE23FFD26400B6F0AB /* LoaderView.swift */,
			);
			path = Views;
			sourceTree = "<group>";
		};
		8C116E5D23E9EC510010859D = {
			isa = PBXGroup;
			children = (
				8C116E6823E9EC520010859D /* BibleReader */,
				8C116E6723E9EC520010859D /* Products */,
			);
			sourceTree = "<group>";
		};
		8C116E6723E9EC520010859D /* Products */ = {
			isa = PBXGroup;
			children = (
				8C116E6623E9EC520010859D /* Szentírás.app */,
			);
			name = Products;
			sourceTree = "<group>";
		};
		8C116E6823E9EC520010859D /* BibleReader */ = {
			isa = PBXGroup;
			children = (
				8C339FD72410EDD9009D1CD2 /* Constants */,
				8C116E9123E9ED130010859D /* Fonts */,
				8C8C00FD23ED6467005C2EB6 /* Extensions */,
				8C8C00F523ED40F0005C2EB6 /* Model */,
				8CC8C66223FED66100FEBE78 /* Services */,
				8CA7BB4B2408F0E000AF49F3 /* Favorites */,
				8C8C00F823ED4C27005C2EB6 /* Books */,
				8C116E8223E9ECF30010859D /* Reader */,
				8CA7BB522409821A00AF49F3 /* Settings */,
				8C0305942423889B00144EBB /* PageController */,
				8C116E7023E9EC520010859D /* ContentView.swift */,
				8CE64A202402649C00933D7C /* BibleViewModel.swift */,
				8C971545240C261C00DDF17C /* Resources */,
				8C116E7A23E9EC5A0010859D /* Info.plist */,
				8C116E7423E9EC5A0010859D /* Preview Content */,
			);
			path = BibleReader;
			sourceTree = "<group>";
		};
		8C116E7423E9EC5A0010859D /* Preview Content */ = {
			isa = PBXGroup;
			children = (
				8C116E7523E9EC5A0010859D /* Preview Assets.xcassets */,
			);
			path = "Preview Content";
			sourceTree = "<group>";
		};
		8C116E8223E9ECF30010859D /* Reader */ = {
			isa = PBXGroup;
			children = (
				8CE64A212402649C00933D7C /* ChapterReaderView.swift */,
				8C8C015723F5B9AF005C2EB6 /* Views */,
			);
			path = Reader;
			sourceTree = "<group>";
		};
		8C116E9123E9ED130010859D /* Fonts */ = {
			isa = PBXGroup;
			children = (
				8C8C014723F3DA66005C2EB6 /* FiraSans-Bold.ttf */,
				8C8C014923F3DA67005C2EB6 /* FiraSans-Light.ttf */,
				8C8C014823F3DA67005C2EB6 /* FiraSans-Medium.ttf */,
				8C8C014623F3DA66005C2EB6 /* FiraSans-Regular.ttf */,
			);
			path = Fonts;
			sourceTree = "<group>";
		};
		8C339FD72410EDD9009D1CD2 /* Constants */ = {
			isa = PBXGroup;
			children = (
				8C339FD82410EDEA009D1CD2 /* Constants.swift */,
			);
			path = Constants;
			sourceTree = "<group>";
		};
		8C8C00F523ED40F0005C2EB6 /* Model */ = {
			isa = PBXGroup;
			children = (
				8CC8C66323FED69A00FEBE78 /* Response.swift */,
				8C8C00F623ED420B005C2EB6 /* Biblia.swift */,
				8CC8C66523FED73700FEBE78 /* Error.swift */,
			);
			path = Model;
			sourceTree = "<group>";
		};
		8C8C00F823ED4C27005C2EB6 /* Books */ = {
			isa = PBXGroup;
			children = (
				8C09FF4723F67DFC003AD3DF /* Views */,
				8C8C00F923ED4C3C005C2EB6 /* BooksView.swift */,
			);
			path = Books;
			sourceTree = "<group>";
		};
		8C8C00FD23ED6467005C2EB6 /* Extensions */ = {
			isa = PBXGroup;
			children = (
				8C8C00FE23ED647A005C2EB6 /* Array+Extension.swift */,
				8C8C014E23F458D0005C2EB6 /* Font+Extension.swift */,
				8C09FF4A23F6DA08003AD3DF /* String+Extension.swift */,
			);
			path = Extensions;
			sourceTree = "<group>";
		};
		8C8C015723F5B9AF005C2EB6 /* Views */ = {
			isa = PBXGroup;
			children = (
				8C8C015523F5B964005C2EB6 /* ChapterSettingsModel.swift */,
				8C9F0C9323E9F65F00D40B83 /* ChapterSettingView.swift */,
				8C116EC323E9EF4C0010859D /* BodyView.swift */,
				8C59042C24005AD900C78DA9 /* TranslationView.swift */,
			);
			path = Views;
			sourceTree = "<group>";
		};
		8C971545240C261C00DDF17C /* Resources */ = {
			isa = PBXGroup;
			children = (
				8C116E6D23E9EC520010859D /* BibleReader.xcdatamodeld */,
				8C116E6B23E9EC520010859D /* SceneDelegate.swift */,
				8C116E7723E9EC5A0010859D /* LaunchScreen.storyboard */,
				8C9F0C8623E9F40A00D40B83 /* Example.json */,
				8C116E6923E9EC520010859D /* AppDelegate.swift */,
				8C116E7223E9EC5A0010859D /* Assets.xcassets */,
			);
			path = Resources;
			sourceTree = "<group>";
		};
		8CA7BB4B2408F0E000AF49F3 /* Favorites */ = {
			isa = PBXGroup;
			children = (
				8CA7BB4E2408F10C00AF49F3 /* FavoritesView.swift */,
			);
			path = Favorites;
			sourceTree = "<group>";
		};
		8CA7BB522409821A00AF49F3 /* Settings */ = {
			isa = PBXGroup;
			children = (
				8CA7BB532409823600AF49F3 /* SettingView.swift */,
			);
			path = Settings;
			sourceTree = "<group>";
		};
		8CC8C66223FED66100FEBE78 /* Services */ = {
			isa = PBXGroup;
			children = (
				8CC8C66723FED74D00FEBE78 /* API.swift */,
				8CA7BB5024097B9300AF49F3 /* FileService.swift */,
				8CA7BB55240A498100AF49F3 /* UserSettingsService.swift */,
			);
			path = Services;
			sourceTree = "<group>";
		};
/* End PBXGroup section */

/* Begin PBXNativeTarget section */
		8C116E6523E9EC520010859D /* BibleReader */ = {
			isa = PBXNativeTarget;
			buildConfigurationList = 8C116E7D23E9EC5A0010859D /* Build configuration list for PBXNativeTarget "BibleReader" */;
			buildPhases = (
				8C116E6223E9EC520010859D /* Sources */,
				8C116E6323E9EC520010859D /* Frameworks */,
				8C116E6423E9EC520010859D /* Resources */,
			);
			buildRules = (
			);
			dependencies = (
			);
			name = BibleReader;
			productName = BibleReader;
			productReference = 8C116E6623E9EC520010859D /* Szentírás.app */;
			productType = "com.apple.product-type.application";
		};
/* End PBXNativeTarget section */

/* Begin PBXProject section */
		8C116E5E23E9EC510010859D /* Project object */ = {
			isa = PBXProject;
			attributes = {
				LastSwiftUpdateCheck = 1130;
				LastUpgradeCheck = 1130;
				ORGANIZATIONNAME = "Gabor Sornyei";
				TargetAttributes = {
					8C116E6523E9EC520010859D = {
						CreatedOnToolsVersion = 11.3.1;
					};
				};
			};
			buildConfigurationList = 8C116E6123E9EC510010859D /* Build configuration list for PBXProject "BibleReader" */;
			compatibilityVersion = "Xcode 9.3";
			developmentRegion = en;
			hasScannedForEncodings = 0;
			knownRegions = (
				en,
				Base,
			);
			mainGroup = 8C116E5D23E9EC510010859D;
			productRefGroup = 8C116E6723E9EC520010859D /* Products */;
			projectDirPath = "";
			projectRoot = "";
			targets = (
				8C116E6523E9EC520010859D /* BibleReader */,
			);
		};
/* End PBXProject section */

/* Begin PBXResourcesBuildPhase section */
		8C116E6423E9EC520010859D /* Resources */ = {
			isa = PBXResourcesBuildPhase;
			buildActionMask = 2147483647;
			files = (
				8C8C014C23F3DA67005C2EB6 /* FiraSans-Medium.ttf in Resources */,
				8C9F0C8723E9F40A00D40B83 /* Example.json in Resources */,
				8C116E7923E9EC5A0010859D /* LaunchScreen.storyboard in Resources */,
				8C8C014A23F3DA67005C2EB6 /* FiraSans-Regular.ttf in Resources */,
				8C8C014D23F3DA67005C2EB6 /* FiraSans-Light.ttf in Resources */,
				8C116E7623E9EC5A0010859D /* Preview Assets.xcassets in Resources */,
				8C8C014B23F3DA67005C2EB6 /* FiraSans-Bold.ttf in Resources */,
				8C116E7323E9EC5A0010859D /* Assets.xcassets in Resources */,
			);
			runOnlyForDeploymentPostprocessing = 0;
		};
/* End PBXResourcesBuildPhase section */

/* Begin PBXSourcesBuildPhase section */
		8C116E6223E9EC520010859D /* Sources */ = {
			isa = PBXSourcesBuildPhase;
			buildActionMask = 2147483647;
			files = (
				8C8C00F723ED420B005C2EB6 /* Biblia.swift in Sources */,
				8C66EAFF23FFD26400B6F0AB /* LoaderView.swift in Sources */,
				8C116E6A23E9EC520010859D /* AppDelegate.swift in Sources */,
				8CA7BB542409823600AF49F3 /* SettingView.swift in Sources */,
				8CC8C66423FED69A00FEBE78 /* Response.swift in Sources */,
				8C7C59E623F858DA00B85FCE /* ChapterNumberView.swift in Sources */,
				8C09FF4923F67E12003AD3DF /* CommonViews.swift in Sources */,
				8C0305982423893D00144EBB /* PageScrollView.swift in Sources */,
				8C59042D24005AD900C78DA9 /* TranslationView.swift in Sources */,
				8CA7BB4F2408F10C00AF49F3 /* FavoritesView.swift in Sources */,
				8C723C252427931800ECC6D5 /* SwipeView.swift in Sources */,
				8C8C00FA23ED4C3C005C2EB6 /* BooksView.swift in Sources */,
				8C339FD92410EDEA009D1CD2 /* Constants.swift in Sources */,
				8CC8C66623FED73700FEBE78 /* Error.swift in Sources */,
				8CA7BB5124097B9300AF49F3 /* FileService.swift in Sources */,
				8C8C00FF23ED647A005C2EB6 /* Array+Extension.swift in Sources */,
				8CE64A222402649C00933D7C /* BibleViewModel.swift in Sources */,
				8C116EC423E9EF4C0010859D /* BodyView.swift in Sources */,
				8C09FF4B23F6DA08003AD3DF /* String+Extension.swift in Sources */,
				8CC8C66823FED74D00FEBE78 /* API.swift in Sources */,
				8CE64A232402649C00933D7C /* ChapterReaderView.swift in Sources */,
				8C116E6F23E9EC520010859D /* BibleReader.xcdatamodeld in Sources */,
				8CA7BB56240A498100AF49F3 /* UserSettingsService.swift in Sources */,
				8C8C014F23F458D0005C2EB6 /* Font+Extension.swift in Sources */,
				8C116E7123E9EC520010859D /* ContentView.swift in Sources */,
				8C8C015623F5B964005C2EB6 /* ChapterSettingsModel.swift in Sources */,
				8C116E6C23E9EC520010859D /* SceneDelegate.swift in Sources */,
				8C9F0C9423E9F65F00D40B83 /* ChapterSettingView.swift in Sources */,
			);
			runOnlyForDeploymentPostprocessing = 0;
		};
/* End PBXSourcesBuildPhase section */

/* Begin PBXVariantGroup section */
		8C116E7723E9EC5A0010859D /* LaunchScreen.storyboard */ = {
			isa = PBXVariantGroup;
			children = (
				8C116E7823E9EC5A0010859D /* Base */,
			);
			name = LaunchScreen.storyboard;
			sourceTree = "<group>";
		};
/* End PBXVariantGroup section */

/* Begin XCBuildConfiguration section */
		8C116E7B23E9EC5A0010859D /* Debug */ = {
			isa = XCBuildConfiguration;
			buildSettings = {
				ALWAYS_SEARCH_USER_PATHS = NO;
				CLANG_ANALYZER_NONNULL = YES;
				CLANG_ANALYZER_NUMBER_OBJECT_CONVERSION = YES_AGGRESSIVE;
				CLANG_CXX_LANGUAGE_STANDARD = "gnu++14";
				CLANG_CXX_LIBRARY = "libc++";
				CLANG_ENABLE_MODULES = YES;
				CLANG_ENABLE_OBJC_ARC = YES;
				CLANG_ENABLE_OBJC_WEAK = YES;
				CLANG_WARN_BLOCK_CAPTURE_AUTORELEASING = YES;
				CLANG_WARN_BOOL_CONVERSION = YES;
				CLANG_WARN_COMMA = YES;
				CLANG_WARN_CONSTANT_CONVERSION = YES;
				CLANG_WARN_DEPRECATED_OBJC_IMPLEMENTATIONS = YES;
				CLANG_WARN_DIRECT_OBJC_ISA_USAGE = YES_ERROR;
				CLANG_WARN_DOCUMENTATION_COMMENTS = YES;
				CLANG_WARN_EMPTY_BODY = YES;
				CLANG_WARN_ENUM_CONVERSION = YES;
				CLANG_WARN_INFINITE_RECURSION = YES;
				CLANG_WARN_INT_CONVERSION = YES;
				CLANG_WARN_NON_LITERAL_NULL_CONVERSION = YES;
				CLANG_WARN_OBJC_IMPLICIT_RETAIN_SELF = YES;
				CLANG_WARN_OBJC_LITERAL_CONVERSION = YES;
				CLANG_WARN_OBJC_ROOT_CLASS = YES_ERROR;
				CLANG_WARN_RANGE_LOOP_ANALYSIS = YES;
				CLANG_WARN_STRICT_PROTOTYPES = YES;
				CLANG_WARN_SUSPICIOUS_MOVE = YES;
				CLANG_WARN_UNGUARDED_AVAILABILITY = YES_AGGRESSIVE;
				CLANG_WARN_UNREACHABLE_CODE = YES;
				CLANG_WARN__DUPLICATE_METHOD_MATCH = YES;
				COPY_PHASE_STRIP = NO;
				DEBUG_INFORMATION_FORMAT = dwarf;
				ENABLE_STRICT_OBJC_MSGSEND = YES;
				ENABLE_TESTABILITY = YES;
				GCC_C_LANGUAGE_STANDARD = gnu11;
				GCC_DYNAMIC_NO_PIC = NO;
				GCC_NO_COMMON_BLOCKS = YES;
				GCC_OPTIMIZATION_LEVEL = 0;
				GCC_PREPROCESSOR_DEFINITIONS = (
					"DEBUG=1",
					"$(inherited)",
				);
				GCC_WARN_64_TO_32_BIT_CONVERSION = YES;
				GCC_WARN_ABOUT_RETURN_TYPE = YES_ERROR;
				GCC_WARN_UNDECLARED_SELECTOR = YES;
				GCC_WARN_UNINITIALIZED_AUTOS = YES_AGGRESSIVE;
				GCC_WARN_UNUSED_FUNCTION = YES;
				GCC_WARN_UNUSED_VARIABLE = YES;
				IPHONEOS_DEPLOYMENT_TARGET = 13.2;
				MTL_ENABLE_DEBUG_INFO = INCLUDE_SOURCE;
				MTL_FAST_MATH = YES;
				ONLY_ACTIVE_ARCH = YES;
				SDKROOT = iphoneos;
				SWIFT_ACTIVE_COMPILATION_CONDITIONS = DEBUG;
				SWIFT_OPTIMIZATION_LEVEL = "-Onone";
			};
			name = Debug;
		};
		8C116E7C23E9EC5A0010859D /* Release */ = {
			isa = XCBuildConfiguration;
			buildSettings = {
				ALWAYS_SEARCH_USER_PATHS = NO;
				CLANG_ANALYZER_NONNULL = YES;
				CLANG_ANALYZER_NUMBER_OBJECT_CONVERSION = YES_AGGRESSIVE;
				CLANG_CXX_LANGUAGE_STANDARD = "gnu++14";
				CLANG_CXX_LIBRARY = "libc++";
				CLANG_ENABLE_MODULES = YES;
				CLANG_ENABLE_OBJC_ARC = YES;
				CLANG_ENABLE_OBJC_WEAK = YES;
				CLANG_WARN_BLOCK_CAPTURE_AUTORELEASING = YES;
				CLANG_WARN_BOOL_CONVERSION = YES;
				CLANG_WARN_COMMA = YES;
				CLANG_WARN_CONSTANT_CONVERSION = YES;
				CLANG_WARN_DEPRECATED_OBJC_IMPLEMENTATIONS = YES;
				CLANG_WARN_DIRECT_OBJC_ISA_USAGE = YES_ERROR;
				CLANG_WARN_DOCUMENTATION_COMMENTS = YES;
				CLANG_WARN_EMPTY_BODY = YES;
				CLANG_WARN_ENUM_CONVERSION = YES;
				CLANG_WARN_INFINITE_RECURSION = YES;
				CLANG_WARN_INT_CONVERSION = YES;
				CLANG_WARN_NON_LITERAL_NULL_CONVERSION = YES;
				CLANG_WARN_OBJC_IMPLICIT_RETAIN_SELF = YES;
				CLANG_WARN_OBJC_LITERAL_CONVERSION = YES;
				CLANG_WARN_OBJC_ROOT_CLASS = YES_ERROR;
				CLANG_WARN_RANGE_LOOP_ANALYSIS = YES;
				CLANG_WARN_STRICT_PROTOTYPES = YES;
				CLANG_WARN_SUSPICIOUS_MOVE = YES;
				CLANG_WARN_UNGUARDED_AVAILABILITY = YES_AGGRESSIVE;
				CLANG_WARN_UNREACHABLE_CODE = YES;
				CLANG_WARN__DUPLICATE_METHOD_MATCH = YES;
				COPY_PHASE_STRIP = NO;
				DEBUG_INFORMATION_FORMAT = "dwarf-with-dsym";
				ENABLE_NS_ASSERTIONS = NO;
				ENABLE_STRICT_OBJC_MSGSEND = YES;
				GCC_C_LANGUAGE_STANDARD = gnu11;
				GCC_NO_COMMON_BLOCKS = YES;
				GCC_WARN_64_TO_32_BIT_CONVERSION = YES;
				GCC_WARN_ABOUT_RETURN_TYPE = YES_ERROR;
				GCC_WARN_UNDECLARED_SELECTOR = YES;
				GCC_WARN_UNINITIALIZED_AUTOS = YES_AGGRESSIVE;
				GCC_WARN_UNUSED_FUNCTION = YES;
				GCC_WARN_UNUSED_VARIABLE = YES;
				IPHONEOS_DEPLOYMENT_TARGET = 13.2;
				MTL_ENABLE_DEBUG_INFO = NO;
				MTL_FAST_MATH = YES;
				SDKROOT = iphoneos;
				SWIFT_COMPILATION_MODE = wholemodule;
				SWIFT_OPTIMIZATION_LEVEL = "-O";
				VALIDATE_PRODUCT = YES;
			};
			name = Release;
		};
		8C116E7E23E9EC5A0010859D /* Debug */ = {
			isa = XCBuildConfiguration;
			buildSettings = {
				ASSETCATALOG_COMPILER_APPICON_NAME = AppIcon;
				CODE_SIGN_STYLE = Automatic;
				CURRENT_PROJECT_VERSION = 3;
				DEVELOPMENT_ASSET_PATHS = "\"BibleReader/Preview Content\"";
				DEVELOPMENT_TEAM = 8YE8M3UNR3;
				ENABLE_PREVIEWS = YES;
				INFOPLIST_FILE = BibleReader/Info.plist;
				LD_RUNPATH_SEARCH_PATHS = (
					"$(inherited)",
					"@executable_path/Frameworks",
				);
				PRODUCT_BUNDLE_IDENTIFIER = com.sornyei.BibleReader;
				PRODUCT_NAME = "Szentírás";
				SWIFT_VERSION = 5.0;
				TARGETED_DEVICE_FAMILY = "1,2";
			};
			name = Debug;
		};
		8C116E7F23E9EC5A0010859D /* Release */ = {
			isa = XCBuildConfiguration;
			buildSettings = {
				ASSETCATALOG_COMPILER_APPICON_NAME = AppIcon;
				CODE_SIGN_STYLE = Automatic;
				CURRENT_PROJECT_VERSION = 3;
				DEVELOPMENT_ASSET_PATHS = "\"BibleReader/Preview Content\"";
				DEVELOPMENT_TEAM = 8YE8M3UNR3;
				ENABLE_PREVIEWS = YES;
				INFOPLIST_FILE = BibleReader/Info.plist;
				LD_RUNPATH_SEARCH_PATHS = (
					"$(inherited)",
					"@executable_path/Frameworks",
				);
				PRODUCT_BUNDLE_IDENTIFIER = com.sornyei.BibleReader;
				PRODUCT_NAME = "Szentírás";
				SWIFT_VERSION = 5.0;
				TARGETED_DEVICE_FAMILY = "1,2";
			};
			name = Release;
		};
/* End XCBuildConfiguration section */

/* Begin XCConfigurationList section */
		8C116E6123E9EC510010859D /* Build configuration list for PBXProject "BibleReader" */ = {
			isa = XCConfigurationList;
			buildConfigurations = (
				8C116E7B23E9EC5A0010859D /* Debug */,
				8C116E7C23E9EC5A0010859D /* Release */,
			);
			defaultConfigurationIsVisible = 0;
			defaultConfigurationName = Release;
		};
		8C116E7D23E9EC5A0010859D /* Build configuration list for PBXNativeTarget "BibleReader" */ = {
			isa = XCConfigurationList;
			buildConfigurations = (
				8C116E7E23E9EC5A0010859D /* Debug */,
				8C116E7F23E9EC5A0010859D /* Release */,
			);
			defaultConfigurationIsVisible = 0;
			defaultConfigurationName = Release;
		};
/* End XCConfigurationList section */

/* Begin XCVersionGroup section */
		8C116E6D23E9EC520010859D /* BibleReader.xcdatamodeld */ = {
			isa = XCVersionGroup;
			children = (
				8C116E6E23E9EC520010859D /* BibleReader.xcdatamodel */,
			);
			currentVersion = 8C116E6E23E9EC520010859D /* BibleReader.xcdatamodel */;
			path = BibleReader.xcdatamodeld;
			sourceTree = "<group>";
			versionGroupType = wrapper.xcdatamodel;
		};
/* End XCVersionGroup section */
	};
	rootObject = 8C116E5E23E9EC510010859D /* Project object */;
}
