// !$*UTF8*$!
{
	archiveVersion = 1;
	classes = {
	};
	objectVersion = 50;
	objects = {

/* Begin PBXBuildFile section */
		8C116E6A23E9EC520010859D /* AppDelegate.swift in Sources */ = {isa = PBXBuildFile; fileRef = 8C116E6923E9EC520010859D /* AppDelegate.swift */; };
		8C116E6C23E9EC520010859D /* SceneDelegate.swift in Sources */ = {isa = PBXBuildFile; fileRef = 8C116E6B23E9EC520010859D /* SceneDelegate.swift */; };
		8C116E6F23E9EC520010859D /* BibleReader.xcdatamodeld in Sources */ = {isa = PBXBuildFile; fileRef = 8C116E6D23E9EC520010859D /* BibleReader.xcdatamodeld */; };
		8C116E7123E9EC520010859D /* ContentView.swift in Sources */ = {isa = PBXBuildFile; fileRef = 8C116E7023E9EC520010859D /* ContentView.swift */; };
		8C116E7323E9EC5A0010859D /* Assets.xcassets in Resources */ = {isa = PBXBuildFile; fileRef = 8C116E7223E9EC5A0010859D /* Assets.xcassets */; };
		8C116E7623E9EC5A0010859D /* Preview Assets.xcassets in Resources */ = {isa = PBXBuildFile; fileRef = 8C116E7523E9EC5A0010859D /* Preview Assets.xcassets */; };
		8C116E7923E9EC5A0010859D /* LaunchScreen.storyboard in Resources */ = {isa = PBXBuildFile; fileRef = 8C116E7723E9EC5A0010859D /* LaunchScreen.storyboard */; };
/* End PBXBuildFile section */

/* Begin PBXFileReference section */
		8C116E6623E9EC520010859D /* BibleReader.app */ = {isa = PBXFileReference; explicitFileType = wrapper.application; includeInIndex = 0; path = BibleReader.app; sourceTree = BUILT_PRODUCTS_DIR; };
		8C116E6923E9EC520010859D /* AppDelegate.swift */ = {isa = PBXFileReference; lastKnownFileType = sourcecode.swift; path = AppDelegate.swift; sourceTree = "<group>"; };
		8C116E6B23E9EC520010859D /* SceneDelegate.swift */ = {isa = PBXFileReference; lastKnownFileType = sourcecode.swift; path = SceneDelegate.swift; sourceTree = "<group>"; };
		8C116E6E23E9EC520010859D /* BibleReader.xcdatamodel */ = {isa = PBXFileReference; lastKnownFileType = wrapper.xcdatamodel; path = BibleReader.xcdatamodel; sourceTree = "<group>"; };
		8C116E7023E9EC520010859D /* ContentView.swift */ = {isa = PBXFileReference; lastKnownFileType = sourcecode.swift; path = ContentView.swift; sourceTree = "<group>"; };
		8C116E7223E9EC5A0010859D /* Assets.xcassets */ = {isa = PBXFileReference; lastKnownFileType = folder.assetcatalog; path = Assets.xcassets; sourceTree = "<group>"; };
		8C116E7523E9EC5A0010859D /* Preview Assets.xcassets */ = {isa = PBXFileReference; lastKnownFileType = folder.assetcatalog; path = "Preview Assets.xcassets"; sourceTree = "<group>"; };
		8C116E7823E9EC5A0010859D /* Base */ = {isa = PBXFileReference; lastKnownFileType = file.storyboard; name = Base; path = Base.lproj/LaunchScreen.storyboard; sourceTree = "<group>"; };
		8C116E7A23E9EC5A0010859D /* Info.plist */ = {isa = PBXFileReference; lastKnownFileType = text.plist.xml; path = Info.plist; sourceTree = "<group>"; };
/* End PBXFileReference section */

/* Begin PBXFrameworksBuildPhase section */
		8C116E6323E9EC520010859D /* Frameworks */ = {
			isa = PBXFrameworksBuildPhase;
			buildActionMask = 2147483647;
			files = (
			);
			runOnlyForDeploymentPostprocessing = 0;
		};
/* End PBXFrameworksBuildPhase section */

/* Begin PBXGroup section */
		8C116E5D23E9EC510010859D = {
			isa = PBXGroup;
			children = (
				8C116E6823E9EC520010859D /* BibleReader */,
				8C116E6723E9EC520010859D /* Products */,
			);
			sourceTree = "<group>";
		};
		8C116E6723E9EC520010859D /* Products */ = {
			isa = PBXGroup;
			children = (
				8C116E6623E9EC520010859D /* BibleReader.app */,
			);
			name = Products;
			sourceTree = "<group>";
		};
		8C116E6823E9EC520010859D /* BibleReader */ = {
			isa = PBXGroup;
			children = (
				8C116E6923E9EC520010859D /* AppDelegate.swift */,
				8C116E6B23E9EC520010859D /* SceneDelegate.swift */,
				8C116E7023E9EC520010859D /* ContentView.swift */,
				8C116E7223E9EC5A0010859D /* Assets.xcassets */,
				8C116E7723E9EC5A0010859D /* LaunchScreen.storyboard */,
				8C116E7A23E9EC5A0010859D /* Info.plist */,
				8C116E6D23E9EC520010859D /* BibleReader.xcdatamodeld */,
				8C116E7423E9EC5A0010859D /* Preview Content */,
			);
			path = BibleReader;
			sourceTree = "<group>";
		};
		8C116E7423E9EC5A0010859D /* Preview Content */ = {
			isa = PBXGroup;
			children = (
				8C116E7523E9EC5A0010859D /* Preview Assets.xcassets */,
			);
			path = "Preview Content";
			sourceTree = "<group>";
		};
/* End PBXGroup section */

/* Begin PBXNativeTarget section */
		8C116E6523E9EC520010859D /* BibleReader */ = {
			isa = PBXNativeTarget;
			buildConfigurationList = 8C116E7D23E9EC5A0010859D /* Build configuration list for PBXNativeTarget "BibleReader" */;
			buildPhases = (
				8C116E6223E9EC520010859D /* Sources */,
				8C116E6323E9EC520010859D /* Frameworks */,
				8C116E6423E9EC520010859D /* Resources */,
			);
			buildRules = (
			);
			dependencies = (
			);
			name = BibleReader;
			productName = BibleReader;
			productReference = 8C116E6623E9EC520010859D /* BibleReader.app */;
			productType = "com.apple.product-type.application";
		};
/* End PBXNativeTarget section */

/* Begin PBXProject section */
		8C116E5E23E9EC510010859D /* Project object */ = {
			isa = PBXProject;
			attributes = {
				LastSwiftUpdateCheck = 1130;
				LastUpgradeCheck = 1130;
				ORGANIZATIONNAME = "Gabor Sornyei";
				TargetAttributes = {
					8C116E6523E9EC520010859D = {
						CreatedOnToolsVersion = 11.3.1;
					};
				};
			};
			buildConfigurationList = 8C116E6123E9EC510010859D /* Build configuration list for PBXProject "BibleReader" */;
			compatibilityVersion = "Xcode 9.3";
			developmentRegion = en;
			hasScannedForEncodings = 0;
			knownRegions = (
				en,
				Base,
			);
			mainGroup = 8C116E5D23E9EC510010859D;
			productRefGroup = 8C116E6723E9EC520010859D /* Products */;
			projectDirPath = "";
			projectRoot = "";
			targets = (
				8C116E6523E9EC520010859D /* BibleReader */,
			);
		};
/* End PBXProject section */

/* Begin PBXResourcesBuildPhase section */
		8C116E6423E9EC520010859D /* Resources */ = {
			isa = PBXResourcesBuildPhase;
			buildActionMask = 2147483647;
			files = (
				8C116E7923E9EC5A0010859D /* LaunchScreen.storyboard in Resources */,
				8C116E7623E9EC5A0010859D /* Preview Assets.xcassets in Resources */,
				8C116E7323E9EC5A0010859D /* Assets.xcassets in Resources */,
			);
			runOnlyForDeploymentPostprocessing = 0;
		};
/* End PBXResourcesBuildPhase section */

/* Begin PBXSourcesBuildPhase section */
		8C116E6223E9EC520010859D /* Sources */ = {
			isa = PBXSourcesBuildPhase;
			buildActionMask = 2147483647;
			files = (
				8C116E6A23E9EC520010859D /* AppDelegate.swift in Sources */,
				8C116E6F23E9EC520010859D /* BibleReader.xcdatamodeld in Sources */,
				8C116E7123E9EC520010859D /* ContentView.swift in Sources */,
				8C116E6C23E9EC520010859D /* SceneDelegate.swift in Sources */,
			);
			runOnlyForDeploymentPostprocessing = 0;
		};
/* End PBXSourcesBuildPhase section */

/* Begin PBXVariantGroup section */
		8C116E7723E9EC5A0010859D /* LaunchScreen.storyboard */ = {
			isa = PBXVariantGroup;
			children = (
				8C116E7823E9EC5A0010859D /* Base */,
			);
			name = LaunchScreen.storyboard;
			sourceTree = "<group>";
		};
/* End PBXVariantGroup section */

/* Begin XCBuildConfiguration section */
		8C116E7B23E9EC5A0010859D /* Debug */ = {
			isa = XCBuildConfiguration;
			buildSettings = {
				ALWAYS_SEARCH_USER_PATHS = NO;
				CLANG_ANALYZER_NONNULL = YES;
				CLANG_ANALYZER_NUMBER_OBJECT_CONVERSION = YES_AGGRESSIVE;
				CLANG_CXX_LANGUAGE_STANDARD = "gnu++14";
				CLANG_CXX_LIBRARY = "libc++";
				CLANG_ENABLE_MODULES = YES;
				CLANG_ENABLE_OBJC_ARC = YES;
				CLANG_ENABLE_OBJC_WEAK = YES;
				CLANG_WARN_BLOCK_CAPTURE_AUTORELEASING = YES;
				CLANG_WARN_BOOL_CONVERSION = YES;
				CLANG_WARN_COMMA = YES;
				CLANG_WARN_CONSTANT_CONVERSION = YES;
				CLANG_WARN_DEPRECATED_OBJC_IMPLEMENTATIONS = YES;
				CLANG_WARN_DIRECT_OBJC_ISA_USAGE = YES_ERROR;
				CLANG_WARN_DOCUMENTATION_COMMENTS = YES;
				CLANG_WARN_EMPTY_BODY = YES;
				CLANG_WARN_ENUM_CONVERSION = YES;
				CLANG_WARN_INFINITE_RECURSION = YES;
				CLANG_WARN_INT_CONVERSION = YES;
				CLANG_WARN_NON_LITERAL_NULL_CONVERSION = YES;
				CLANG_WARN_OBJC_IMPLICIT_RETAIN_SELF = YES;
				CLANG_WARN_OBJC_LITERAL_CONVERSION = YES;
				CLANG_WARN_OBJC_ROOT_CLASS = YES_ERROR;
				CLANG_WARN_RANGE_LOOP_ANALYSIS = YES;
				CLANG_WARN_STRICT_PROTOTYPES = YES;
				CLANG_WARN_SUSPICIOUS_MOVE = YES;
				CLANG_WARN_UNGUARDED_AVAILABILITY = YES_AGGRESSIVE;
				CLANG_WARN_UNREACHABLE_CODE = YES;
				CLANG_WARN__DUPLICATE_METHOD_MATCH = YES;
				COPY_PHASE_STRIP = NO;
				DEBUG_INFORMATION_FORMAT = dwarf;
				ENABLE_STRICT_OBJC_MSGSEND = YES;
				ENABLE_TESTABILITY = YES;
				GCC_C_LANGUAGE_STANDARD = gnu11;
				GCC_DYNAMIC_NO_PIC = NO;
				GCC_NO_COMMON_BLOCKS = YES;
				GCC_OPTIMIZATION_LEVEL = 0;
				GCC_PREPROCESSOR_DEFINITIONS = (
					"DEBUG=1",
					"$(inherited)",
				);
				GCC_WARN_64_TO_32_BIT_CONVERSION = YES;
				GCC_WARN_ABOUT_RETURN_TYPE = YES_ERROR;
				GCC_WARN_UNDECLARED_SELECTOR = YES;
				GCC_WARN_UNINITIALIZED_AUTOS = YES_AGGRESSIVE;
				GCC_WARN_UNUSED_FUNCTION = YES;
				GCC_WARN_UNUSED_VARIABLE = YES;
				IPHONEOS_DEPLOYMENT_TARGET = 13.2;
				MTL_ENABLE_DEBUG_INFO = INCLUDE_SOURCE;
				MTL_FAST_MATH = YES;
				ONLY_ACTIVE_ARCH = YES;
				SDKROOT = iphoneos;
				SWIFT_ACTIVE_COMPILATION_CONDITIONS = DEBUG;
				SWIFT_OPTIMIZATION_LEVEL = "-Onone";
			};
			name = Debug;
		};
		8C116E7C23E9EC5A0010859D /* Release */ = {
			isa = XCBuildConfiguration;
			buildSettings = {
				ALWAYS_SEARCH_USER_PATHS = NO;
				CLANG_ANALYZER_NONNULL = YES;
				CLANG_ANALYZER_NUMBER_OBJECT_CONVERSION = YES_AGGRESSIVE;
				CLANG_CXX_LANGUAGE_STANDARD = "gnu++14";
				CLANG_CXX_LIBRARY = "libc++";
				CLANG_ENABLE_MODULES = YES;
				CLANG_ENABLE_OBJC_ARC = YES;
				CLANG_ENABLE_OBJC_WEAK = YES;
				CLANG_WARN_BLOCK_CAPTURE_AUTORELEASING = YES;
				CLANG_WARN_BOOL_CONVERSION = YES;
				CLANG_WARN_COMMA = YES;
				CLANG_WARN_CONSTANT_CONVERSION = YES;
				CLANG_WARN_DEPRECATED_OBJC_IMPLEMENTATIONS = YES;
				CLANG_WARN_DIRECT_OBJC_ISA_USAGE = YES_ERROR;
				CLANG_WARN_DOCUMENTATION_COMMENTS = YES;
				CLANG_WARN_EMPTY_BODY = YES;
				CLANG_WARN_ENUM_CONVERSION = YES;
				CLANG_WARN_INFINITE_RECURSION = YES;
				CLANG_WARN_INT_CONVERSION = YES;
				CLANG_WARN_NON_LITERAL_NULL_CONVERSION = YES;
				CLANG_WARN_OBJC_IMPLICIT_RETAIN_SELF = YES;
				CLANG_WARN_OBJC_LITERAL_CONVERSION = YES;
				CLANG_WARN_OBJC_ROOT_CLASS = YES_ERROR;
				CLANG_WARN_RANGE_LOOP_ANALYSIS = YES;
				CLANG_WARN_STRICT_PROTOTYPES = YES;
				CLANG_WARN_SUSPICIOUS_MOVE = YES;
				CLANG_WARN_UNGUARDED_AVAILABILITY = YES_AGGRESSIVE;
				CLANG_WARN_UNREACHABLE_CODE = YES;
				CLANG_WARN__DUPLICATE_METHOD_MATCH = YES;
				COPY_PHASE_STRIP = NO;
				DEBUG_INFORMATION_FORMAT = "dwarf-with-dsym";
				ENABLE_NS_ASSERTIONS = NO;
				ENABLE_STRICT_OBJC_MSGSEND = YES;
				GCC_C_LANGUAGE_STANDARD = gnu11;
				GCC_NO_COMMON_BLOCKS = YES;
				GCC_WARN_64_TO_32_BIT_CONVERSION = YES;
				GCC_WARN_ABOUT_RETURN_TYPE = YES_ERROR;
				GCC_WARN_UNDECLARED_SELECTOR = YES;
				GCC_WARN_UNINITIALIZED_AUTOS = YES_AGGRESSIVE;
				GCC_WARN_UNUSED_FUNCTION = YES;
				GCC_WARN_UNUSED_VARIABLE = YES;
				IPHONEOS_DEPLOYMENT_TARGET = 13.2;
				MTL_ENABLE_DEBUG_INFO = NO;
				MTL_FAST_MATH = YES;
				SDKROOT = iphoneos;
				SWIFT_COMPILATION_MODE = wholemodule;
				SWIFT_OPTIMIZATION_LEVEL = "-O";
				VALIDATE_PRODUCT = YES;
			};
			name = Release;
		};
		8C116E7E23E9EC5A0010859D /* Debug */ = {
			isa = XCBuildConfiguration;
			buildSettings = {
				ASSETCATALOG_COMPILER_APPICON_NAME = AppIcon;
				CODE_SIGN_STYLE = Automatic;
				DEVELOPMENT_ASSET_PATHS = "\"BibleReader/Preview Content\"";
				DEVELOPMENT_TEAM = 8YE8M3UNR3;
				ENABLE_PREVIEWS = YES;
				INFOPLIST_FILE = BibleReader/Info.plist;
				LD_RUNPATH_SEARCH_PATHS = (
					"$(inherited)",
					"@executable_path/Frameworks",
				);
				PRODUCT_BUNDLE_IDENTIFIER = com.sornyei.BibleReader;
				PRODUCT_NAME = "$(TARGET_NAME)";
				SWIFT_VERSION = 5.0;
				TARGETED_DEVICE_FAMILY = "1,2";
			};
			name = Debug;
		};
		8C116E7F23E9EC5A0010859D /* Release */ = {
			isa = XCBuildConfiguration;
			buildSettings = {
				ASSETCATALOG_COMPILER_APPICON_NAME = AppIcon;
				CODE_SIGN_STYLE = Automatic;
				DEVELOPMENT_ASSET_PATHS = "\"BibleReader/Preview Content\"";
				DEVELOPMENT_TEAM = 8YE8M3UNR3;
				ENABLE_PREVIEWS = YES;
				INFOPLIST_FILE = BibleReader/Info.plist;
				LD_RUNPATH_SEARCH_PATHS = (
					"$(inherited)",
					"@executable_path/Frameworks",
				);
				PRODUCT_BUNDLE_IDENTIFIER = com.sornyei.BibleReader;
				PRODUCT_NAME = "$(TARGET_NAME)";
				SWIFT_VERSION = 5.0;
				TARGETED_DEVICE_FAMILY = "1,2";
			};
			name = Release;
		};
/* End XCBuildConfiguration section */

/* Begin XCConfigurationList section */
		8C116E6123E9EC510010859D /* Build configuration list for PBXProject "BibleReader" */ = {
			isa = XCConfigurationList;
			buildConfigurations = (
				8C116E7B23E9EC5A0010859D /* Debug */,
				8C116E7C23E9EC5A0010859D /* Release */,
			);
			defaultConfigurationIsVisible = 0;
			defaultConfigurationName = Release;
		};
		8C116E7D23E9EC5A0010859D /* Build configuration list for PBXNativeTarget "BibleReader" */ = {
			isa = XCConfigurationList;
			buildConfigurations = (
				8C116E7E23E9EC5A0010859D /* Debug */,
				8C116E7F23E9EC5A0010859D /* Release */,
			);
			defaultConfigurationIsVisible = 0;
			defaultConfigurationName = Release;
		};
/* End XCConfigurationList section */

/* Begin XCVersionGroup section */
		8C116E6D23E9EC520010859D /* BibleReader.xcdatamodeld */ = {
			isa = XCVersionGroup;
			children = (
				8C116E6E23E9EC520010859D /* BibleReader.xcdatamodel */,
			);
			currentVersion = 8C116E6E23E9EC520010859D /* BibleReader.xcdatamodel */;
			path = BibleReader.xcdatamodeld;
			sourceTree = "<group>";
			versionGroupType = wrapper.xcdatamodel;
		};
/* End XCVersionGroup section */
	};
	rootObject = 8C116E5E23E9EC510010859D /* Project object */;
}
